PODS:
  - fllama (0.0.1):
    - Flutter
  - Flutter (1.0.0)
  - flutter_foreground_task (0.0.1):
    - Flutter
  - ObjectBox (5.2.0)
  - objectbox_flutter_libs (0.0.1):
    - Flutter
    - ObjectBox (= 5.2.0)
  - permission_handler_apple (9.3.0):
    - Flutter
  - sherpa_onnx_ios (1.12.23):
    - Flutter

DEPENDENCIES:
  - fllama (from `.symlinks/plugins/fllama/ios`)
  - Flutter (from `Flutter`)
  - flutter_foreground_task (from `.symlinks/plugins/flutter_foreground_task/ios`)
  - objectbox_flutter_libs (from `.symlinks/plugins/objectbox_flutter_libs/ios`)
  - permission_handler_apple (from `.symlinks/plugins/permission_handler_apple/ios`)
  - sherpa_onnx_ios (from `.symlinks/plugins/sherpa_onnx_ios/ios`)

SPEC REPOS:
  trunk:
    - ObjectBox

EXTERNAL SOURCES:
  fllama:
    :path: ".symlinks/plugins/fllama/ios"
  Flutter:
    :path: Flutter
  flutter_foreground_task:
    :path: ".symlinks/plugins/flutter_foreground_task/ios"
  objectbox_flutter_libs:
    :path: ".symlinks/plugins/objectbox_flutter_libs/ios"
  permission_handler_apple:
    :path: ".symlinks/plugins/permission_handler_apple/ios"
  sherpa_onnx_ios:
    :path: ".symlinks/plugins/sherpa_onnx_ios/ios"

SPEC CHECKSUMS:
  fllama: b324101212f007ca7af2a19af9f2072146924a6d
  Flutter: cabc95a1d2626b1b06e7179b784ebcf0c0cde467
  flutter_foreground_task: a159d2c2173b33699ddb3e6c2a067045d7cebb89
  ObjectBox: 946c1e8586aaa61e21b6661bab4948d06fdd51c4
  objectbox_flutter_libs: 4d609454f39d002fc850b3019e180fc4760cdf36
  permission_handler_apple: 4ed2196e43d0651e8ff7ca3483a069d469701f2d
  sherpa_onnx_ios: abef7a0beeb7b3e4eda35262ee2636c373967a47

PODFILE CHECKSUM: a8ec471dde587c457b4f29727d5fe8681c97984f

COCOAPODS: 1.16.2
